
Microsoft Visual Studio Solution File, Format Version 12.00
# Visual Studio Version 17
VisualStudioVersion = 17.8.34525.116
MinimumVisualStudioVersion = 10.0.40219.1
Project("{2150E333-8FDC-42A3-9474-1A3956D46DE8}") = "Solution Items", "Solution Items", "{820B109A-51E5-4323-BAE7-CA5817C2E88A}"
	ProjectSection(SolutionItems) = preProject
		src\Services\Product.API\.dockerignore = src\Services\Product.API\.dockerignore
		src\docker-compose.override.yml = src\docker-compose.override.yml
		src\docker-compose.yml = src\docker-compose.yml
		global.json = global.json
		..\README.md = ..\README.md
	EndProjectSection
EndProject
Project("{2150E333-8FDC-42A3-9474-1A3956D46DE8}") = "src", "src", "{A6EFEDD2-1E8B-450C-9147-18750317AB2E}"
EndProject
Project("{2150E333-8FDC-42A3-9474-1A3956D46DE8}") = "tests", "tests", "{7B88F127-02F7-4BF7-8740-A5464F903138}"
EndProject
Project("{2150E333-8FDC-42A3-9474-1A3956D46DE8}") = "ApiGateways", "ApiGateways", "{1DADD133-1743-4940-9963-181231AFAD00}"
EndProject
Project("{2150E333-8FDC-42A3-9474-1A3956D46DE8}") = "BuildingBlocks", "BuildingBlocks", "{1F687ABD-119B-40DC-9BB4-1391803C7D4E}"
EndProject
Project("{2150E333-8FDC-42A3-9474-1A3956D46DE8}") = "Services", "Services", "{9B90606F-AFEF-45BC-85AC-A7706CDEDB2D}"
EndProject
Project("{2150E333-8FDC-42A3-9474-1A3956D46DE8}") = "WebApps", "WebApps", "{3ED41B22-9C59-4544-A2E9-5E92607514B2}"
EndProject
Project("{9A19103F-16F7-4668-BE54-9A1E7A4F7556}") = "Common.Logging", "src\BuildingBlocks\Common.Logging\Common.Logging.csproj", "{6D0ECD09-A7C8-4253-8469-14940E5F8AFA}"
EndProject
Project("{9A19103F-16F7-4668-BE54-9A1E7A4F7556}") = "EventBus.Messages", "src\BuildingBlocks\EventBus.Messages\EventBus.Messages.csproj", "{E9343E84-691D-4F24-851A-C226B6B49D4A}"
EndProject
Project("{2150E333-8FDC-42A3-9474-1A3956D46DE8}") = "Basket", "Basket", "{FF2571DB-7795-412C-A631-A135D51A994E}"
EndProject
Project("{2150E333-8FDC-42A3-9474-1A3956D46DE8}") = "Customer", "Customer", "{7E607920-6125-4562-98D5-26C98A3270A5}"
EndProject
Project("{2150E333-8FDC-42A3-9474-1A3956D46DE8}") = "Inventory", "Inventory", "{5BD5A53A-156E-4FF0-A356-79D9E341C266}"
EndProject
Project("{2150E333-8FDC-42A3-9474-1A3956D46DE8}") = "Ordering", "Ordering", "{7F70150A-616D-418C-80CF-F50B2BA9DF75}"
EndProject
Project("{2150E333-8FDC-42A3-9474-1A3956D46DE8}") = "Product", "Product", "{6EDCB62A-CD97-4894-851B-5863220A5E88}"
EndProject
Project("{2150E333-8FDC-42A3-9474-1A3956D46DE8}") = "ScheduledJob", "ScheduledJob", "{980425D9-F223-443E-8BBF-4F8AAC64C7CE}"
EndProject
Project("{9A19103F-16F7-4668-BE54-9A1E7A4F7556}") = "WebHealthStatus", "src\WebApps\WebHealthStatus\WebHealthStatus.csproj", "{765D0293-4D36-4809-8ADC-617F63D5352C}"
EndProject
Project("{9A19103F-16F7-4668-BE54-9A1E7A4F7556}") = "Basket.API", "src\Services\Basket.API\Basket.API.csproj", "{4E22DDE9-D8FE-4AA4-AEB7-17B3A7264AA1}"
EndProject
Project("{9A19103F-16F7-4668-BE54-9A1E7A4F7556}") = "Customer.API", "src\Services\Customer.API\Customer.API.csproj", "{D1B3B9B4-6760-4AB7-BE75-43C753DB01AF}"
EndProject
Project("{9A19103F-16F7-4668-BE54-9A1E7A4F7556}") = "Inventory.Product.API", "src\Services\Inventory.Product.API\Inventory.Product.API.csproj", "{E8B6276D-935B-44D8-A0D9-A505DEB41EF4}"
EndProject
Project("{9A19103F-16F7-4668-BE54-9A1E7A4F7556}") = "Product.API", "src\Services\Product.API\Product.API.csproj", "{44FD3190-9504-4532-90FE-77481CE830A4}"
EndProject
Project("{9A19103F-16F7-4668-BE54-9A1E7A4F7556}") = "Hangfire.API", "src\Services\Hangfire.API\Hangfire.API.csproj", "{EF2B3B73-A2E3-4BF1-BDE2-F48C7BA673A2}"
EndProject
Project("{9A19103F-16F7-4668-BE54-9A1E7A4F7556}") = "Contracts", "src\BuildingBlocks\Contracts\Contracts.csproj", "{BC3B669C-54E7-4F55-8DC0-8308C7B7B49B}"
EndProject
Project("{9A19103F-16F7-4668-BE54-9A1E7A4F7556}") = "Infrastructure", "src\BuildingBlocks\Infrastructure\Infrastructure.csproj", "{23238032-B4E6-4E00-886A-B1FF9B803106}"
EndProject
Project("{9A19103F-16F7-4668-BE54-9A1E7A4F7556}") = "Shared", "src\BuildingBlocks\Shared\Shared.csproj", "{520BE6B1-3EE0-4C8A-B65A-EFBF8256FF96}"
EndProject
Project("{9A19103F-16F7-4668-BE54-9A1E7A4F7556}") = "OcelotApiGw", "src\ApiGateways\OcelotApiGw\OcelotApiGw.csproj", "{1DE645CA-BC09-46B2-90FB-E74F27514B36}"
EndProject
Project("{2150E333-8FDC-42A3-9474-1A3956D46DE8}") = "Ordering.API", "Ordering.API", "{2BDA4DD2-748A-4FE5-9068-5981F2789365}"
EndProject
Project("{9A19103F-16F7-4668-BE54-9A1E7A4F7556}") = "Ordering.API", "src\Services\Ordering\Ordering.API\Ordering.API.csproj", "{AB72EA28-EACB-4C15-962E-AD7FAC02ACC6}"
EndProject
Project("{FAE04EC0-301F-11D3-BF4B-00C04F79EFBC}") = "Ordering.Application", "src\Services\Ordering\Ordering.Application\Ordering.Application.csproj", "{C575142D-2347-46F5-8496-7399B09E8F0C}"
EndProject
Project("{FAE04EC0-301F-11D3-BF4B-00C04F79EFBC}") = "Ordering.Infrastructure", "src\Services\Ordering\Ordering.Infrastructure\Ordering.Infrastructure.csproj", "{25650B0E-C9E9-4D6C-85C9-1469ED625EBD}"
EndProject
Project("{FAE04EC0-301F-11D3-BF4B-00C04F79EFBC}") = "Ordering.Domain", "src\Services\Ordering\Ordering.Domain\Ordering.Domain.csproj", "{87EB86C7-1AC7-422B-B464-755C8A0B6F1E}"
EndProject
Global
	GlobalSection(SolutionConfigurationPlatforms) = preSolution
		Debug|Any CPU = Debug|Any CPU
		Release|Any CPU = Release|Any CPU
	EndGlobalSection
	GlobalSection(ProjectConfigurationPlatforms) = postSolution
		{6D0ECD09-A7C8-4253-8469-14940E5F8AFA}.Debug|Any CPU.ActiveCfg = Debug|Any CPU
		{6D0ECD09-A7C8-4253-8469-14940E5F8AFA}.Debug|Any CPU.Build.0 = Debug|Any CPU
		{6D0ECD09-A7C8-4253-8469-14940E5F8AFA}.Release|Any CPU.ActiveCfg = Release|Any CPU
		{6D0ECD09-A7C8-4253-8469-14940E5F8AFA}.Release|Any CPU.Build.0 = Release|Any CPU
		{E9343E84-691D-4F24-851A-C226B6B49D4A}.Debug|Any CPU.ActiveCfg = Debug|Any CPU
		{E9343E84-691D-4F24-851A-C226B6B49D4A}.Debug|Any CPU.Build.0 = Debug|Any CPU
		{E9343E84-691D-4F24-851A-C226B6B49D4A}.Release|Any CPU.ActiveCfg = Release|Any CPU
		{E9343E84-691D-4F24-851A-C226B6B49D4A}.Release|Any CPU.Build.0 = Release|Any CPU
		{765D0293-4D36-4809-8ADC-617F63D5352C}.Debug|Any CPU.ActiveCfg = Debug|Any CPU
		{765D0293-4D36-4809-8ADC-617F63D5352C}.Debug|Any CPU.Build.0 = Debug|Any CPU
		{765D0293-4D36-4809-8ADC-617F63D5352C}.Release|Any CPU.ActiveCfg = Release|Any CPU
		{765D0293-4D36-4809-8ADC-617F63D5352C}.Release|Any CPU.Build.0 = Release|Any CPU
		{4E22DDE9-D8FE-4AA4-AEB7-17B3A7264AA1}.Debug|Any CPU.ActiveCfg = Debug|Any CPU
		{4E22DDE9-D8FE-4AA4-AEB7-17B3A7264AA1}.Debug|Any CPU.Build.0 = Debug|Any CPU
		{4E22DDE9-D8FE-4AA4-AEB7-17B3A7264AA1}.Release|Any CPU.ActiveCfg = Release|Any CPU
		{4E22DDE9-D8FE-4AA4-AEB7-17B3A7264AA1}.Release|Any CPU.Build.0 = Release|Any CPU
		{D1B3B9B4-6760-4AB7-BE75-43C753DB01AF}.Debug|Any CPU.ActiveCfg = Debug|Any CPU
		{D1B3B9B4-6760-4AB7-BE75-43C753DB01AF}.Debug|Any CPU.Build.0 = Debug|Any CPU
		{D1B3B9B4-6760-4AB7-BE75-43C753DB01AF}.Release|Any CPU.ActiveCfg = Release|Any CPU
		{D1B3B9B4-6760-4AB7-BE75-43C753DB01AF}.Release|Any CPU.Build.0 = Release|Any CPU
		{E8B6276D-935B-44D8-A0D9-A505DEB41EF4}.Debug|Any CPU.ActiveCfg = Debug|Any CPU
		{E8B6276D-935B-44D8-A0D9-A505DEB41EF4}.Debug|Any CPU.Build.0 = Debug|Any CPU
		{E8B6276D-935B-44D8-A0D9-A505DEB41EF4}.Release|Any CPU.ActiveCfg = Release|Any CPU
		{E8B6276D-935B-44D8-A0D9-A505DEB41EF4}.Release|Any CPU.Build.0 = Release|Any CPU
		{44FD3190-9504-4532-90FE-77481CE830A4}.Debug|Any CPU.ActiveCfg = Debug|Any CPU
		{44FD3190-9504-4532-90FE-77481CE830A4}.Debug|Any CPU.Build.0 = Debug|Any CPU
		{44FD3190-9504-4532-90FE-77481CE830A4}.Release|Any CPU.ActiveCfg = Release|Any CPU
		{44FD3190-9504-4532-90FE-77481CE830A4}.Release|Any CPU.Build.0 = Release|Any CPU
		{EF2B3B73-A2E3-4BF1-BDE2-F48C7BA673A2}.Debug|Any CPU.ActiveCfg = Debug|Any CPU
		{EF2B3B73-A2E3-4BF1-BDE2-F48C7BA673A2}.Debug|Any CPU.Build.0 = Debug|Any CPU
		{EF2B3B73-A2E3-4BF1-BDE2-F48C7BA673A2}.Release|Any CPU.ActiveCfg = Release|Any CPU
		{EF2B3B73-A2E3-4BF1-BDE2-F48C7BA673A2}.Release|Any CPU.Build.0 = Release|Any CPU
		{BC3B669C-54E7-4F55-8DC0-8308C7B7B49B}.Debug|Any CPU.ActiveCfg = Debug|Any CPU
		{BC3B669C-54E7-4F55-8DC0-8308C7B7B49B}.Debug|Any CPU.Build.0 = Debug|Any CPU
		{BC3B669C-54E7-4F55-8DC0-8308C7B7B49B}.Release|Any CPU.ActiveCfg = Release|Any CPU
		{BC3B669C-54E7-4F55-8DC0-8308C7B7B49B}.Release|Any CPU.Build.0 = Release|Any CPU
		{23238032-B4E6-4E00-886A-B1FF9B803106}.Debug|Any CPU.ActiveCfg = Debug|Any CPU
		{23238032-B4E6-4E00-886A-B1FF9B803106}.Debug|Any CPU.Build.0 = Debug|Any CPU
		{23238032-B4E6-4E00-886A-B1FF9B803106}.Release|Any CPU.ActiveCfg = Release|Any CPU
		{23238032-B4E6-4E00-886A-B1FF9B803106}.Release|Any CPU.Build.0 = Release|Any CPU
		{520BE6B1-3EE0-4C8A-B65A-EFBF8256FF96}.Debug|Any CPU.ActiveCfg = Debug|Any CPU
		{520BE6B1-3EE0-4C8A-B65A-EFBF8256FF96}.Debug|Any CPU.Build.0 = Debug|Any CPU
		{520BE6B1-3EE0-4C8A-B65A-EFBF8256FF96}.Release|Any CPU.ActiveCfg = Release|Any CPU
		{520BE6B1-3EE0-4C8A-B65A-EFBF8256FF96}.Release|Any CPU.Build.0 = Release|Any CPU
		{1DE645CA-BC09-46B2-90FB-E74F27514B36}.Debug|Any CPU.ActiveCfg = Debug|Any CPU
		{1DE645CA-BC09-46B2-90FB-E74F27514B36}.Debug|Any CPU.Build.0 = Debug|Any CPU
		{1DE645CA-BC09-46B2-90FB-E74F27514B36}.Release|Any CPU.ActiveCfg = Release|Any CPU
		{1DE645CA-BC09-46B2-90FB-E74F27514B36}.Release|Any CPU.Build.0 = Release|Any CPU
		{AB72EA28-EACB-4C15-962E-AD7FAC02ACC6}.Debug|Any CPU.ActiveCfg = Debug|Any CPU
		{AB72EA28-EACB-4C15-962E-AD7FAC02ACC6}.Debug|Any CPU.Build.0 = Debug|Any CPU
		{AB72EA28-EACB-4C15-962E-AD7FAC02ACC6}.Release|Any CPU.ActiveCfg = Release|Any CPU
		{AB72EA28-EACB-4C15-962E-AD7FAC02ACC6}.Release|Any CPU.Build.0 = Release|Any CPU
		{C575142D-2347-46F5-8496-7399B09E8F0C}.Debug|Any CPU.ActiveCfg = Debug|Any CPU
		{C575142D-2347-46F5-8496-7399B09E8F0C}.Debug|Any CPU.Build.0 = Debug|Any CPU
		{C575142D-2347-46F5-8496-7399B09E8F0C}.Release|Any CPU.ActiveCfg = Release|Any CPU
		{C575142D-2347-46F5-8496-7399B09E8F0C}.Release|Any CPU.Build.0 = Release|Any CPU
		{25650B0E-C9E9-4D6C-85C9-1469ED625EBD}.Debug|Any CPU.ActiveCfg = Debug|Any CPU
		{25650B0E-C9E9-4D6C-85C9-1469ED625EBD}.Debug|Any CPU.Build.0 = Debug|Any CPU
		{25650B0E-C9E9-4D6C-85C9-1469ED625EBD}.Release|Any CPU.ActiveCfg = Release|Any CPU
		{25650B0E-C9E9-4D6C-85C9-1469ED625EBD}.Release|Any CPU.Build.0 = Release|Any CPU
		{87EB86C7-1AC7-422B-B464-755C8A0B6F1E}.Debug|Any CPU.ActiveCfg = Debug|Any CPU
		{87EB86C7-1AC7-422B-B464-755C8A0B6F1E}.Debug|Any CPU.Build.0 = Debug|Any CPU
		{87EB86C7-1AC7-422B-B464-755C8A0B6F1E}.Release|Any CPU.ActiveCfg = Release|Any CPU
		{87EB86C7-1AC7-422B-B464-755C8A0B6F1E}.Release|Any CPU.Build.0 = Release|Any CPU
	EndGlobalSection
	GlobalSection(SolutionProperties) = preSolution
		HideSolutionNode = FALSE
	EndGlobalSection
	GlobalSection(NestedProjects) = preSolution
		{1DADD133-1743-4940-9963-181231AFAD00} = {A6EFEDD2-1E8B-450C-9147-18750317AB2E}
		{1F687ABD-119B-40DC-9BB4-1391803C7D4E} = {A6EFEDD2-1E8B-450C-9147-18750317AB2E}
		{9B90606F-AFEF-45BC-85AC-A7706CDEDB2D} = {A6EFEDD2-1E8B-450C-9147-18750317AB2E}
		{3ED41B22-9C59-4544-A2E9-5E92607514B2} = {A6EFEDD2-1E8B-450C-9147-18750317AB2E}
		{6D0ECD09-A7C8-4253-8469-14940E5F8AFA} = {1F687ABD-119B-40DC-9BB4-1391803C7D4E}
		{E9343E84-691D-4F24-851A-C226B6B49D4A} = {1F687ABD-119B-40DC-9BB4-1391803C7D4E}
		{FF2571DB-7795-412C-A631-A135D51A994E} = {9B90606F-AFEF-45BC-85AC-A7706CDEDB2D}
		{7E607920-6125-4562-98D5-26C98A3270A5} = {9B90606F-AFEF-45BC-85AC-A7706CDEDB2D}
		{5BD5A53A-156E-4FF0-A356-79D9E341C266} = {9B90606F-AFEF-45BC-85AC-A7706CDEDB2D}
		{7F70150A-616D-418C-80CF-F50B2BA9DF75} = {9B90606F-AFEF-45BC-85AC-A7706CDEDB2D}
		{6EDCB62A-CD97-4894-851B-5863220A5E88} = {9B90606F-AFEF-45BC-85AC-A7706CDEDB2D}
		{980425D9-F223-443E-8BBF-4F8AAC64C7CE} = {9B90606F-AFEF-45BC-85AC-A7706CDEDB2D}
		{765D0293-4D36-4809-8ADC-617F63D5352C} = {3ED41B22-9C59-4544-A2E9-5E92607514B2}
		{4E22DDE9-D8FE-4AA4-AEB7-17B3A7264AA1} = {FF2571DB-7795-412C-A631-A135D51A994E}
		{D1B3B9B4-6760-4AB7-BE75-43C753DB01AF} = {7E607920-6125-4562-98D5-26C98A3270A5}
		{E8B6276D-935B-44D8-A0D9-A505DEB41EF4} = {5BD5A53A-156E-4FF0-A356-79D9E341C266}
		{44FD3190-9504-4532-90FE-77481CE830A4} = {6EDCB62A-CD97-4894-851B-5863220A5E88}
		{EF2B3B73-A2E3-4BF1-BDE2-F48C7BA673A2} = {980425D9-F223-443E-8BBF-4F8AAC64C7CE}
		{BC3B669C-54E7-4F55-8DC0-8308C7B7B49B} = {1F687ABD-119B-40DC-9BB4-1391803C7D4E}
		{23238032-B4E6-4E00-886A-B1FF9B803106} = {1DADD133-1743-4940-9963-181231AFAD00}
		{520BE6B1-3EE0-4C8A-B65A-EFBF8256FF96} = {1F687ABD-119B-40DC-9BB4-1391803C7D4E}
		{1DE645CA-BC09-46B2-90FB-E74F27514B36} = {1DADD133-1743-4940-9963-181231AFAD00}
		{2BDA4DD2-748A-4FE5-9068-5981F2789365} = {7F70150A-616D-418C-80CF-F50B2BA9DF75}
		{AB72EA28-EACB-4C15-962E-AD7FAC02ACC6} = {2BDA4DD2-748A-4FE5-9068-5981F2789365}
		{C575142D-2347-46F5-8496-7399B09E8F0C} = {7F70150A-616D-418C-80CF-F50B2BA9DF75}
		{25650B0E-C9E9-4D6C-85C9-1469ED625EBD} = {7F70150A-616D-418C-80CF-F50B2BA9DF75}
		{87EB86C7-1AC7-422B-B464-755C8A0B6F1E} = {7F70150A-616D-418C-80CF-F50B2BA9DF75}
	EndGlobalSection
	GlobalSection(ExtensibilityGlobals) = postSolution
		SolutionGuid = {431D8009-3EE9-43A0-BAE5-3E74F2B4A94E}
	EndGlobalSection
EndGlobal
